
Microsoft Visual Studio Solution File, Format Version 12.00
# Visual Studio Version 17
VisualStudioVersion = 17.4.33213.308
MinimumVisualStudioVersion = 10.0.40219.1
Project("{FAE04EC0-301F-11D3-BF4B-00C04F79EFBC}") = "GitHubCRUDApp", "GitHubCRUDApp\GitHubCRUDApp.csproj", "{C3455161-4600-4D8A-A2C9-4F76E1D333DE}"
EndProject
Global
	GlobalSection(SolutionConfigurationPlatforms) = preSolution
		Debug|Any CPU = Debug|Any CPU
		Release|Any CPU = Release|Any CPU
	EndGlobalSection
	GlobalSection(ProjectConfigurationPlatforms) = postSolution
		{C3455161-4600-4D8A-A2C9-4F76E1D333DE}.Debug|Any CPU.ActiveCfg = Debug|Any CPU
		{C3455161-4600-4D8A-A2C9-4F76E1D333DE}.Debug|Any CPU.Build.0 = Debug|Any CPU
		{C3455161-4600-4D8A-A2C9-4F76E1D333DE}.Release|Any CPU.ActiveCfg = Release|Any CPU
		{C3455161-4600-4D8A-A2C9-4F76E1D333DE}.Release|Any CPU.Build.0 = Release|Any CPU
	EndGlobalSection
	GlobalSection(SolutionProperties) = preSolution
		HideSolutionNode = FALSE
	EndGlobalSection
	GlobalSection(ExtensibilityGlobals) = postSolution
		SolutionGuid = {5298B926-892E-426D-9683-30BDA85059BA}
	EndGlobalSection
EndGlobal
